<?xml version="1.0" encoding="utf-8"?>
<Project ToolsVersion="4.0" xmlns="http://schemas.microsoft.com/developer/msbuild/2003">
  <ItemGroup>
    <Filter Include="Form Files">
      <UniqueIdentifier>{99349809-55BA-4b9d-BF79-8FDBB0286EB3}</UniqueIdentifier>
      <Extensions>ui</Extensions>
      <ParseFiles>false</ParseFiles>
    </Filter>
    <Filter Include="Form Files">
      <UniqueIdentifier>{99349809-55BA-4b9d-BF79-8FDBB0286EB3}</UniqueIdentifier>
      <Extensions>ui</Extensions>
      <ParseFiles>false</ParseFiles>
    </Filter>
    <Filter Include="Generated Files">
      <UniqueIdentifier>{71ED8ED8-ACB9-4CE9-BBE1-E00B30144E11}</UniqueIdentifier>
      <Extensions>cpp;c;cxx;moc;h;def;odl;idl;res;</Extensions>
    </Filter>
    <Filter Include="Generated Files">
      <UniqueIdentifier>{71ED8ED8-ACB9-4CE9-BBE1-E00B30144E11}</UniqueIdentifier>
      <Extensions>cpp;c;cxx;moc;h;def;odl;idl;res;</Extensions>
    </Filter>
    <Filter Include="Header Files">
      <UniqueIdentifier>{93995380-89BD-4b04-88EB-625FBE52EBFB}</UniqueIdentifier>
      <Extensions>h;hpp;hxx;hm;inl;inc;xsd</Extensions>
    </Filter>
    <Filter Include="Header Files">
      <UniqueIdentifier>{93995380-89BD-4b04-88EB-625FBE52EBFB}</UniqueIdentifier>
      <Extensions>h;hpp;hxx;hm;inl;inc;xsd</Extensions>
    </Filter>
    <Filter Include="Source Files">
      <UniqueIdentifier>{4FC737F1-C7A5-4376-A066-2A32D752A2FF}</UniqueIdentifier>
      <Extensions>cpp;c;cxx;def;odl;idl;hpj;bat;asm;asmx</Extensions>
    </Filter>
    <Filter Include="Source Files">
      <UniqueIdentifier>{4FC737F1-C7A5-4376-A066-2A32D752A2FF}</UniqueIdentifier>
      <Extensions>cpp;c;cxx;def;odl;idl;hpj;bat;asm;asmx</Extensions>
    </Filter>
    <Filter Include="Generated Files\Debug">
      <UniqueIdentifier>{4d76ca4b-dfca-4a8e-b937-35cf9fdcbc1d}</UniqueIdentifier>
      <Extensions>cpp;moc</Extensions>
      <SourceControlFiles>False</SourceControlFiles>
    </Filter>
    <Filter Include="Generated Files\Release">
      <UniqueIdentifier>{fbb9fb57-6fb5-420c-b84f-a87fae32f2cd}</UniqueIdentifier>
      <Extensions>cpp;moc</Extensions>
      <SourceControlFiles>False</SourceControlFiles>
    </Filter>
  </ItemGroup>
  <ItemGroup>
    <ClCompile Include="Jeu_de_Regle.cpp">
      <Filter>Source Files</Filter>
    </ClCompile>
    <ClCompile Include="Jeu_de_Regle_nt.cpp">
      <Filter>Source Files</Filter>
    </ClCompile>
    <ClCompile Include="Regle.cpp">
      <Filter>Source Files</Filter>
    </ClCompile>
    <ClCompile Include="RegleProba.cpp">
      <Filter>Source Files</Filter>
    </ClCompile>
    <ClCompile Include="Regle_nt.cpp">
      <Filter>Source Files</Filter>
    </ClCompile>
    <ClCompile Include="cell.cpp">
      <Filter>Source Files</Filter>
    </ClCompile>
    <ClCompile Include="etattype.cpp">
      <Filter>Source Files</Filter>
    </ClCompile>
    <ClCompile Include="interface.cpp">
      <Filter>Source Files</Filter>
    </ClCompile>
    <ClCompile Include="interfacematrice.cpp">
      <Filter>Source Files</Filter>
    </ClCompile>
    <ClCompile Include="interfaceparametre.cpp">
      <Filter>Source Files</Filter>
    </ClCompile>
    <ClCompile Include="interfaceregle.cpp">
      <Filter>Source Files</Filter>
    </ClCompile>
    <ClCompile Include="iterateur.cpp">
      <Filter>Source Files</Filter>
    </ClCompile>
    <ClCompile Include="main.cpp">
      <Filter>Source Files</Filter>
    </ClCompile>
    <ClCompile Include="matrice.cpp">
      <Filter>Source Files</Filter>
    </ClCompile>
    <ClCompile Include="regletype.cpp">
      <Filter>Source Files</Filter>
    </ClCompile>
    <ClCompile Include="Debug\moc_etattype.cpp">
      <Filter>Generated Files\Debug</Filter>
    </ClCompile>
    <ClCompile Include="Release\moc_etattype.cpp">
      <Filter>Generated Files\Release</Filter>
    </ClCompile>
    <ClCompile Include="Debug\moc_interface.cpp">
      <Filter>Generated Files\Debug</Filter>
    </ClCompile>
    <ClCompile Include="Release\moc_interface.cpp">
      <Filter>Generated Files\Release</Filter>
    </ClCompile>
    <ClCompile Include="Debug\moc_interfacematrice.cpp">
      <Filter>Generated Files\Debug</Filter>
    </ClCompile>
    <ClCompile Include="Release\moc_interfacematrice.cpp">
      <Filter>Generated Files\Release</Filter>
    </ClCompile>
    <ClCompile Include="Debug\moc_interfaceparametre.cpp">
      <Filter>Generated Files\Debug</Filter>
    </ClCompile>
    <ClCompile Include="Release\moc_interfaceparametre.cpp">
      <Filter>Generated Files\Release</Filter>
    </ClCompile>
    <ClCompile Include="Debug\moc_interfaceregle.cpp">
      <Filter>Generated Files\Debug</Filter>
    </ClCompile>
    <ClCompile Include="Release\moc_interfaceregle.cpp">
      <Filter>Generated Files\Release</Filter>
    </ClCompile>
    <ClCompile Include="Debug\moc_regletype.cpp">
      <Filter>Generated Files\Debug</Filter>
    </ClCompile>
    <ClCompile Include="Release\moc_regletype.cpp">
      <Filter>Generated Files\Release</Filter>
    </ClCompile>
  </ItemGroup>
  <ItemGroup>
    <ClInclude Include="Jeu_de_Regle.h">
      <Filter>Header Files</Filter>
    </ClInclude>
    <ClInclude Include="Jeu_de_Regle_nt.h">
      <Filter>Header Files</Filter>
    </ClInclude>
    <ClInclude Include="Regle.h">
      <Filter>Header Files</Filter>
    </ClInclude>
    <ClInclude Include="RegleProba.h">
      <Filter>Header Files</Filter>
    </ClInclude>
    <ClInclude Include="Regle_nt.h">
      <Filter>Header Files</Filter>
    </ClInclude>
    <ClInclude Include="cell.h">
      <Filter>Header Files</Filter>
    </ClInclude>
    <CustomBuild Include="etattype.h">
      <Filter>Header Files</Filter>
    </CustomBuild>
    <CustomBuild Include="interface.h">
      <Filter>Header Files</Filter>
    </CustomBuild>
    <CustomBuild Include="interfacematrice.h">
      <Filter>Header Files</Filter>
    </CustomBuild>
    <CustomBuild Include="interfaceparametre.h">
      <Filter>Header Files</Filter>
    </CustomBuild>
    <CustomBuild Include="interfaceregle.h">
      <Filter>Header Files</Filter>
    </CustomBuild>
    <ClInclude Include="iterateur.h">
      <Filter>Header Files</Filter>
    </ClInclude>
    <ClInclude Include="matrice.h">
      <Filter>Header Files</Filter>
    </ClInclude>
    <CustomBuild Include="regletype.h">
      <Filter>Header Files</Filter>
    </CustomBuild>
    <ClInclude Include="GeneratedFiles\ui_mainwindow.h">
      <Filter>Generated Files</Filter>
    </ClInclude>
  </ItemGroup>
  <ItemGroup>
    <CustomBuild Include="mainwindow.ui">
      <Filter>Form Files</Filter>
    </CustomBuild>
  </ItemGroup>
</Project>